
Microsoft Visual Studio Solution File, Format Version 12.00
# TcXaeShell Solution File, Format Version 11.00
VisualStudioVersion = 15.0.34829.251
MinimumVisualStudioVersion = 10.0.40219.1
Project("{B1E792BE-AA5F-4E3C-8C82-674BF9C0715B}") = "LogToFile", "LogToFile\LogToFile.tsproj", "{98646747-5D6C-4854-8A16-71B80CBE6F13}"
EndProject
Global
	GlobalSection(SolutionConfigurationPlatforms) = preSolution
		Debug|TwinCAT OS (ARMV7-A) = Debug|TwinCAT OS (ARMV7-A)
		Debug|TwinCAT OS (ARMV7-M) = Debug|TwinCAT OS (ARMV7-M)
		Debug|TwinCAT OS (ARMV8-A) = Debug|TwinCAT OS (ARMV8-A)
		Debug|TwinCAT OS (x64) = Debug|TwinCAT OS (x64)
		Debug|TwinCAT RT (x64) = Debug|TwinCAT RT (x64)
		Debug|TwinCAT RT (x86) = Debug|TwinCAT RT (x86)
		Release|TwinCAT OS (ARMV7-A) = Release|TwinCAT OS (ARMV7-A)
		Release|TwinCAT OS (ARMV7-M) = Release|TwinCAT OS (ARMV7-M)
		Release|TwinCAT OS (ARMV8-A) = Release|TwinCAT OS (ARMV8-A)
		Release|TwinCAT OS (x64) = Release|TwinCAT OS (x64)
		Release|TwinCAT RT (x64) = Release|TwinCAT RT (x64)
		Release|TwinCAT RT (x86) = Release|TwinCAT RT (x86)
	EndGlobalSection
	GlobalSection(ProjectConfigurationPlatforms) = postSolution
		{98646747-5D6C-4854-8A16-71B80CBE6F13}.Debug|TwinCAT OS (ARMV7-A).ActiveCfg = Debug|TwinCAT OS (ARMT2)
		{98646747-5D6C-4854-8A16-71B80CBE6F13}.Debug|TwinCAT OS (ARMV7-M).ActiveCfg = Debug|TwinCAT OS (ARMT2)
		{98646747-5D6C-4854-8A16-71B80CBE6F13}.Debug|TwinCAT OS (ARMV8-A).ActiveCfg = Debug|TwinCAT OS (ARMT2)
		{98646747-5D6C-4854-8A16-71B80CBE6F13}.Debug|TwinCAT OS (x64).ActiveCfg = Debug|TwinCAT OS (ARMT2)
		{98646747-5D6C-4854-8A16-71B80CBE6F13}.Debug|TwinCAT RT (x64).ActiveCfg = Debug|TwinCAT RT (x64)
		{98646747-5D6C-4854-8A16-71B80CBE6F13}.Debug|TwinCAT RT (x64).Build.0 = Debug|TwinCAT RT (x64)
		{98646747-5D6C-4854-8A16-71B80CBE6F13}.Debug|TwinCAT RT (x86).ActiveCfg = Debug|TwinCAT RT (x86)
		{98646747-5D6C-4854-8A16-71B80CBE6F13}.Debug|TwinCAT RT (x86).Build.0 = Debug|TwinCAT RT (x86)
		{98646747-5D6C-4854-8A16-71B80CBE6F13}.Release|TwinCAT OS (ARMV7-A).ActiveCfg = Release|TwinCAT OS (ARMT2)
		{98646747-5D6C-4854-8A16-71B80CBE6F13}.Release|TwinCAT OS (ARMV7-M).ActiveCfg = Release|TwinCAT OS (ARMT2)
		{98646747-5D6C-4854-8A16-71B80CBE6F13}.Release|TwinCAT OS (ARMV8-A).ActiveCfg = Release|TwinCAT OS (ARMT2)
		{98646747-5D6C-4854-8A16-71B80CBE6F13}.Release|TwinCAT OS (x64).ActiveCfg = Release|TwinCAT OS (ARMT2)
		{98646747-5D6C-4854-8A16-71B80CBE6F13}.Release|TwinCAT RT (x64).ActiveCfg = Release|TwinCAT RT (x64)
		{98646747-5D6C-4854-8A16-71B80CBE6F13}.Release|TwinCAT RT (x64).Build.0 = Release|TwinCAT RT (x64)
		{98646747-5D6C-4854-8A16-71B80CBE6F13}.Release|TwinCAT RT (x86).ActiveCfg = Release|TwinCAT RT (x86)
		{98646747-5D6C-4854-8A16-71B80CBE6F13}.Release|TwinCAT RT (x86).Build.0 = Release|TwinCAT RT (x86)
		{96161287-A33F-4BB6-BAB2-5B548564D5FC}.Debug|TwinCAT OS (ARMV7-A).ActiveCfg = Debug|TwinCAT OS (ARMT2)
		{96161287-A33F-4BB6-BAB2-5B548564D5FC}.Debug|TwinCAT OS (ARMV7-M).ActiveCfg = Debug|TwinCAT OS (ARMT2)
		{96161287-A33F-4BB6-BAB2-5B548564D5FC}.Debug|TwinCAT OS (ARMV8-A).ActiveCfg = Debug|TwinCAT OS (ARMT2)
		{96161287-A33F-4BB6-BAB2-5B548564D5FC}.Debug|TwinCAT OS (x64).ActiveCfg = Debug|TwinCAT OS (ARMT2)
		{96161287-A33F-4BB6-BAB2-5B548564D5FC}.Debug|TwinCAT RT (x64).ActiveCfg = Debug|TwinCAT RT (x64)
		{96161287-A33F-4BB6-BAB2-5B548564D5FC}.Debug|TwinCAT RT (x64).Build.0 = Debug|TwinCAT RT (x64)
		{96161287-A33F-4BB6-BAB2-5B548564D5FC}.Debug|TwinCAT RT (x86).ActiveCfg = Debug|TwinCAT RT (x86)
		{96161287-A33F-4BB6-BAB2-5B548564D5FC}.Debug|TwinCAT RT (x86).Build.0 = Debug|TwinCAT RT (x86)
		{96161287-A33F-4BB6-BAB2-5B548564D5FC}.Release|TwinCAT OS (ARMV7-A).ActiveCfg = Release|TwinCAT OS (ARMT2)
		{96161287-A33F-4BB6-BAB2-5B548564D5FC}.Release|TwinCAT OS (ARMV7-M).ActiveCfg = Release|TwinCAT OS (ARMT2)
		{96161287-A33F-4BB6-BAB2-5B548564D5FC}.Release|TwinCAT OS (ARMV8-A).ActiveCfg = Release|TwinCAT OS (ARMT2)
		{96161287-A33F-4BB6-BAB2-5B548564D5FC}.Release|TwinCAT OS (x64).ActiveCfg = Release|TwinCAT OS (ARMT2)
		{96161287-A33F-4BB6-BAB2-5B548564D5FC}.Release|TwinCAT RT (x64).ActiveCfg = Release|TwinCAT RT (x64)
		{96161287-A33F-4BB6-BAB2-5B548564D5FC}.Release|TwinCAT RT (x64).Build.0 = Release|TwinCAT RT (x64)
		{96161287-A33F-4BB6-BAB2-5B548564D5FC}.Release|TwinCAT RT (x86).ActiveCfg = Release|TwinCAT RT (x86)
		{96161287-A33F-4BB6-BAB2-5B548564D5FC}.Release|TwinCAT RT (x86).Build.0 = Release|TwinCAT RT (x86)
	EndGlobalSection
	GlobalSection(SolutionProperties) = preSolution
		HideSolutionNode = FALSE
	EndGlobalSection
	GlobalSection(ExtensibilityGlobals) = postSolution
		SolutionGuid = {D7E4C8EC-1476-4983-B117-B210F13E2372}
	EndGlobalSection
EndGlobal
